
Microsoft Visual Studio Solution File, Format Version 12.00
# Visual Studio Version 17
VisualStudioVersion = 17.9.34622.214
MinimumVisualStudioVersion = 10.0.40219.1
Project("{9A19103F-16F7-4668-BE54-9A1E7A4F7556}") = "aoc23_5_dotnet", "aoc23_5_dotnet.csproj", "{4388FD0F-157D-494E-8133-B0CCCD18AC81}"
EndProject
Global
	GlobalSection(SolutionConfigurationPlatforms) = preSolution
		Debug|Any CPU = Debug|Any CPU
		Release|Any CPU = Release|Any CPU
	EndGlobalSection
	GlobalSection(ProjectConfigurationPlatforms) = postSolution
		{4388FD0F-157D-494E-8133-B0CCCD18AC81}.Debug|Any CPU.ActiveCfg = Debug|Any CPU
		{4388FD0F-157D-494E-8133-B0CCCD18AC81}.Debug|Any CPU.Build.0 = Debug|Any CPU
		{4388FD0F-157D-494E-8133-B0CCCD18AC81}.Release|Any CPU.ActiveCfg = Release|Any CPU
		{4388FD0F-157D-494E-8133-B0CCCD18AC81}.Release|Any CPU.Build.0 = Release|Any CPU
	EndGlobalSection
	GlobalSection(SolutionProperties) = preSolution
		HideSolutionNode = FALSE
	EndGlobalSection
	GlobalSection(ExtensibilityGlobals) = postSolution
		SolutionGuid = {EBDC8FAD-9854-4019-8697-37DF4CDCEAEE}
	EndGlobalSection
EndGlobal
